
Microsoft Visual Studio Solution File, Format Version 12.00
# Visual Studio 15
VisualStudioVersion = 15.0.26228.4
MinimumVisualStudioVersion = 10.0.40219.1
Project("{FAE04EC0-301F-11D3-BF4B-00C04F79EFBC}") = "MVCProject10.5.2019", "MVCProject10.5.2019\MVCProject10.5.2019.csproj", "{3491BD49-1C9D-4DF8-B098-7B35622AE72B}"
EndProject
Global
	GlobalSection(SolutionConfigurationPlatforms) = preSolution
		Debug|Any CPU = Debug|Any CPU
		Release|Any CPU = Release|Any CPU
	EndGlobalSection
	GlobalSection(ProjectConfigurationPlatforms) = postSolution
		{3491BD49-1C9D-4DF8-B098-7B35622AE72B}.Debug|Any CPU.ActiveCfg = Debug|Any CPU
		{3491BD49-1C9D-4DF8-B098-7B35622AE72B}.Debug|Any CPU.Build.0 = Debug|Any CPU
		{3491BD49-1C9D-4DF8-B098-7B35622AE72B}.Release|Any CPU.ActiveCfg = Release|Any CPU
		{3491BD49-1C9D-4DF8-B098-7B35622AE72B}.Release|Any CPU.Build.0 = Release|Any CPU
	EndGlobalSection
	GlobalSection(SolutionProperties) = preSolution
		HideSolutionNode = FALSE
	EndGlobalSection
EndGlobal
